
Microsoft Visual Studio Solution File, Format Version 12.00
# Visual Studio Version 16
VisualStudioVersion = 16.0.29709.97
MinimumVisualStudioVersion = 10.0.40219.1
Project("{FAE04EC0-301F-11D3-BF4B-00C04F79EFBC}") = "ServiceBusSessionQueue", "ServiceBusSessionQueue\ServiceBusSessionQueue.csproj", "{CBF67E95-A687-44CD-8A38-883F3D2CFBB5}"
EndProject
Global
	GlobalSection(SolutionConfigurationPlatforms) = preSolution
		Debug|Any CPU = Debug|Any CPU
		Release|Any CPU = Release|Any CPU
	EndGlobalSection
	GlobalSection(ProjectConfigurationPlatforms) = postSolution
		{CBF67E95-A687-44CD-8A38-883F3D2CFBB5}.Debug|Any CPU.ActiveCfg = Debug|Any CPU
		{CBF67E95-A687-44CD-8A38-883F3D2CFBB5}.Debug|Any CPU.Build.0 = Debug|Any CPU
		{CBF67E95-A687-44CD-8A38-883F3D2CFBB5}.Release|Any CPU.ActiveCfg = Release|Any CPU
		{CBF67E95-A687-44CD-8A38-883F3D2CFBB5}.Release|Any CPU.Build.0 = Release|Any CPU
	EndGlobalSection
	GlobalSection(SolutionProperties) = preSolution
		HideSolutionNode = FALSE
	EndGlobalSection
	GlobalSection(ExtensibilityGlobals) = postSolution
		SolutionGuid = {EACECE92-5988-4B70-9E68-78CE234C8E91}
	EndGlobalSection
EndGlobal
